
Microsoft Visual Studio Solution File, Format Version 12.00
# Visual Studio 15
VisualStudioVersion = 15.0.28010.2016
MinimumVisualStudioVersion = 10.0.40219.1
Project("{FAE04EC0-301F-11D3-BF4B-00C04F79EFBC}") = "MetroFrameWork3", "MetroFrameWork3\MetroFrameWork3.csproj", "{38F914E7-3711-4448-8D36-5173DB3C9CED}"
EndProject
Global
	GlobalSection(SolutionConfigurationPlatforms) = preSolution
		Debug|Any CPU = Debug|Any CPU
		Release|Any CPU = Release|Any CPU
	EndGlobalSection
	GlobalSection(ProjectConfigurationPlatforms) = postSolution
		{38F914E7-3711-4448-8D36-5173DB3C9CED}.Debug|Any CPU.ActiveCfg = Debug|Any CPU
		{38F914E7-3711-4448-8D36-5173DB3C9CED}.Debug|Any CPU.Build.0 = Debug|Any CPU
		{38F914E7-3711-4448-8D36-5173DB3C9CED}.Release|Any CPU.ActiveCfg = Release|Any CPU
		{38F914E7-3711-4448-8D36-5173DB3C9CED}.Release|Any CPU.Build.0 = Release|Any CPU
	EndGlobalSection
	GlobalSection(SolutionProperties) = preSolution
		HideSolutionNode = FALSE
	EndGlobalSection
	GlobalSection(ExtensibilityGlobals) = postSolution
		SolutionGuid = {B018625F-547C-468F-8DA5-8A1D6F324DB4}
	EndGlobalSection
EndGlobal
